# This file is @generated by PDM.
# It is not intended for manual editing.

[metadata]
groups = ["default"]
strategy = ["inherit_metadata"]
lock_version = "4.5.0"
content_hash = "sha256:1dec84878ad6fc6ca0a51ee6e63de82b2eae87d32daeafba5d0317563d9e3c36"

[[metadata.targets]]
requires_python = ">=3.10"

[[package]]
name = "aiofiles"
version = "24.1.0"
requires_python = ">=3.8"
summary = "File support for asyncio."
groups = ["default"]
files = [
    {file = "aiofiles-24.1.0-py3-none-any.whl", hash = "sha256:b4ec55f4195e3eb5d7abd1bf7e061763e864dd4954231fb8539a0ef8bb8260e5"},
    {file = "aiofiles-24.1.0.tar.gz", hash = "sha256:22a075c9e5a3810f0c2e48f3008c94d68c65d763b9b03857924c99e57355166c"},
]

[[package]]
name = "colorama"
version = "0.4.6"
requires_python = "!=3.0.*,!=3.1.*,!=3.2.*,!=3.3.*,!=3.4.*,!=3.5.*,!=3.6.*,>=2.7"
summary = "Cross-platform colored terminal text."
groups = ["default"]
marker = "sys_platform == \"win32\""
files = [
    {file = "colorama-0.4.6-py2.py3-none-any.whl", hash = "sha256:4f1d9991f5acc0ca119f9d443620b77f9d6b33703e51011c16baf57afb285fc6"},
    {file = "colorama-0.4.6.tar.gz", hash = "sha256:08695f5cb7ed6e0531a20572697297273c47b8cae5a63ffc6d6ed5c201be6e44"},
]

[[package]]
name = "exceptiongroup"
version = "1.2.2"
requires_python = ">=3.7"
summary = "Backport of PEP 654 (exception groups)"
groups = ["default"]
marker = "python_version < \"3.11\""
files = [
    {file = "exceptiongroup-1.2.2-py3-none-any.whl", hash = "sha256:3111b9d131c238bec2f8f516e123e14ba243563fb135d3fe885990585aa7795b"},
    {file = "exceptiongroup-1.2.2.tar.gz", hash = "sha256:47c2edf7c6738fafb49fd34290706d1a1a2f4d1c6df275526b62cbb4aa5393cc"},
]

[[package]]
name = "faker"
version = "37.1.0"
requires_python = ">=3.9"
summary = "Faker is a Python package that generates fake data for you."
groups = ["default"]
dependencies = [
    "tzdata",
]
files = [
    {file = "faker-37.1.0-py3-none-any.whl", hash = "sha256:dc2f730be71cb770e9c715b13374d80dbcee879675121ab51f9683d262ae9a1c"},
    {file = "faker-37.1.0.tar.gz", hash = "sha256:ad9dc66a3b84888b837ca729e85299a96b58fdaef0323ed0baace93c9614af06"},
]

[[package]]
name = "iniconfig"
version = "2.1.0"
requires_python = ">=3.8"
summary = "brain-dead simple config-ini parsing"
groups = ["default"]
files = [
    {file = "iniconfig-2.1.0-py3-none-any.whl", hash = "sha256:9deba5723312380e77435581c6bf4935c94cbfab9b1ed33ef8d238ea168eb760"},
    {file = "iniconfig-2.1.0.tar.gz", hash = "sha256:3abbd2e30b36733fee78f9c7f7308f2d0050e88f0087fd25c2645f63c773e1c7"},
]

[[package]]
name = "numpy"
version = "2.2.5"
requires_python = ">=3.10"
summary = "Fundamental package for array computing in Python"
groups = ["default"]
files = [
    {file = "numpy-2.2.5-cp310-cp310-macosx_10_9_x86_64.whl", hash = "sha256:1f4a922da1729f4c40932b2af4fe84909c7a6e167e6e99f71838ce3a29f3fe26"},
    {file = "numpy-2.2.5-cp310-cp310-macosx_11_0_arm64.whl", hash = "sha256:b6f91524d31b34f4a5fee24f5bc16dcd1491b668798b6d85585d836c1e633a6a"},
    {file = "numpy-2.2.5-cp310-cp310-macosx_14_0_arm64.whl", hash = "sha256:19f4718c9012e3baea91a7dba661dcab2451cda2550678dc30d53acb91a7290f"},
    {file = "numpy-2.2.5-cp310-cp310-macosx_14_0_x86_64.whl", hash = "sha256:eb7fd5b184e5d277afa9ec0ad5e4eb562ecff541e7f60e69ee69c8d59e9aeaba"},
    {file = "numpy-2.2.5-cp310-cp310-manylinux_2_17_aarch64.manylinux2014_aarch64.whl", hash = "sha256:6413d48a9be53e183eb06495d8e3b006ef8f87c324af68241bbe7a39e8ff54c3"},
    {file = "numpy-2.2.5-cp310-cp310-manylinux_2_17_x86_64.manylinux2014_x86_64.whl", hash = "sha256:7451f92eddf8503c9b8aa4fe6aa7e87fd51a29c2cfc5f7dbd72efde6c65acf57"},
    {file = "numpy-2.2.5-cp310-cp310-musllinux_1_2_aarch64.whl", hash = "sha256:0bcb1d057b7571334139129b7f941588f69ce7c4ed15a9d6162b2ea54ded700c"},
    {file = "numpy-2.2.5-cp310-cp310-musllinux_1_2_x86_64.whl", hash = "sha256:36ab5b23915887543441efd0417e6a3baa08634308894316f446027611b53bf1"},
    {file = "numpy-2.2.5-cp310-cp310-win32.whl", hash = "sha256:422cc684f17bc963da5f59a31530b3936f57c95a29743056ef7a7903a5dbdf88"},
    {file = "numpy-2.2.5-cp310-cp310-win_amd64.whl", hash = "sha256:e4f0b035d9d0ed519c813ee23e0a733db81ec37d2e9503afbb6e54ccfdee0fa7"},
    {file = "numpy-2.2.5-cp311-cp311-macosx_10_9_x86_64.whl", hash = "sha256:c42365005c7a6c42436a54d28c43fe0e01ca11eb2ac3cefe796c25a5f98e5e9b"},
    {file = "numpy-2.2.5-cp311-cp311-macosx_11_0_arm64.whl", hash = "sha256:498815b96f67dc347e03b719ef49c772589fb74b8ee9ea2c37feae915ad6ebda"},
    {file = "numpy-2.2.5-cp311-cp311-macosx_14_0_arm64.whl", hash = "sha256:6411f744f7f20081b1b4e7112e0f4c9c5b08f94b9f086e6f0adf3645f85d3a4d"},
    {file = "numpy-2.2.5-cp311-cp311-macosx_14_0_x86_64.whl", hash = "sha256:9de6832228f617c9ef45d948ec1cd8949c482238d68b2477e6f642c33a7b0a54"},
    {file = "numpy-2.2.5-cp311-cp311-manylinux_2_17_aarch64.manylinux2014_aarch64.whl", hash = "sha256:369e0d4647c17c9363244f3468f2227d557a74b6781cb62ce57cf3ef5cc7c610"},
    {file = "numpy-2.2.5-cp311-cp311-manylinux_2_17_x86_64.manylinux2014_x86_64.whl", hash = "sha256:262d23f383170f99cd9191a7c85b9a50970fe9069b2f8ab5d786eca8a675d60b"},
    {file = "numpy-2.2.5-cp311-cp311-musllinux_1_2_aarch64.whl", hash = "sha256:aa70fdbdc3b169d69e8c59e65c07a1c9351ceb438e627f0fdcd471015cd956be"},
    {file = "numpy-2.2.5-cp311-cp311-musllinux_1_2_x86_64.whl", hash = "sha256:37e32e985f03c06206582a7323ef926b4e78bdaa6915095ef08070471865b906"},
    {file = "numpy-2.2.5-cp311-cp311-win32.whl", hash = "sha256:f5045039100ed58fa817a6227a356240ea1b9a1bc141018864c306c1a16d4175"},
    {file = "numpy-2.2.5-cp311-cp311-win_amd64.whl", hash = "sha256:b13f04968b46ad705f7c8a80122a42ae8f620536ea38cf4bdd374302926424dd"},
    {file = "numpy-2.2.5-cp312-cp312-macosx_10_13_x86_64.whl", hash = "sha256:ee461a4eaab4f165b68780a6a1af95fb23a29932be7569b9fab666c407969051"},
    {file = "numpy-2.2.5-cp312-cp312-macosx_11_0_arm64.whl", hash = "sha256:ec31367fd6a255dc8de4772bd1658c3e926d8e860a0b6e922b615e532d320ddc"},
    {file = "numpy-2.2.5-cp312-cp312-macosx_14_0_arm64.whl", hash = "sha256:47834cde750d3c9f4e52c6ca28a7361859fcaf52695c7dc3cc1a720b8922683e"},
    {file = "numpy-2.2.5-cp312-cp312-macosx_14_0_x86_64.whl", hash = "sha256:2c1a1c6ccce4022383583a6ded7bbcda22fc635eb4eb1e0a053336425ed36dfa"},
    {file = "numpy-2.2.5-cp312-cp312-manylinux_2_17_aarch64.manylinux2014_aarch64.whl", hash = "sha256:9d75f338f5f79ee23548b03d801d28a505198297534f62416391857ea0479571"},
    {file = "numpy-2.2.5-cp312-cp312-manylinux_2_17_x86_64.manylinux2014_x86_64.whl", hash = "sha256:3a801fef99668f309b88640e28d261991bfad9617c27beda4a3aec4f217ea073"},
    {file = "numpy-2.2.5-cp312-cp312-musllinux_1_2_aarch64.whl", hash = "sha256:abe38cd8381245a7f49967a6010e77dbf3680bd3627c0fe4362dd693b404c7f8"},
    {file = "numpy-2.2.5-cp312-cp312-musllinux_1_2_x86_64.whl", hash = "sha256:5a0ac90e46fdb5649ab6369d1ab6104bfe5854ab19b645bf5cda0127a13034ae"},
    {file = "numpy-2.2.5-cp312-cp312-win32.whl", hash = "sha256:0cd48122a6b7eab8f06404805b1bd5856200e3ed6f8a1b9a194f9d9054631beb"},
    {file = "numpy-2.2.5-cp312-cp312-win_amd64.whl", hash = "sha256:ced69262a8278547e63409b2653b372bf4baff0870c57efa76c5703fd6543282"},
    {file = "numpy-2.2.5-cp313-cp313-macosx_10_13_x86_64.whl", hash = "sha256:059b51b658f4414fff78c6d7b1b4e18283ab5fa56d270ff212d5ba0c561846f4"},
    {file = "numpy-2.2.5-cp313-cp313-macosx_11_0_arm64.whl", hash = "sha256:47f9ed103af0bc63182609044b0490747e03bd20a67e391192dde119bf43d52f"},
    {file = "numpy-2.2.5-cp313-cp313-macosx_14_0_arm64.whl", hash = "sha256:261a1ef047751bb02f29dfe337230b5882b54521ca121fc7f62668133cb119c9"},
    {file = "numpy-2.2.5-cp313-cp313-macosx_14_0_x86_64.whl", hash = "sha256:4520caa3807c1ceb005d125a75e715567806fed67e315cea619d5ec6e75a4191"},
    {file = "numpy-2.2.5-cp313-cp313-manylinux_2_17_aarch64.manylinux2014_aarch64.whl", hash = "sha256:3d14b17b9be5f9c9301f43d2e2a4886a33b53f4e6fdf9ca2f4cc60aeeee76372"},
    {file = "numpy-2.2.5-cp313-cp313-manylinux_2_17_x86_64.manylinux2014_x86_64.whl", hash = "sha256:2ba321813a00e508d5421104464510cc962a6f791aa2fca1c97b1e65027da80d"},
    {file = "numpy-2.2.5-cp313-cp313-musllinux_1_2_aarch64.whl", hash = "sha256:a4cbdef3ddf777423060c6f81b5694bad2dc9675f110c4b2a60dc0181543fac7"},
    {file = "numpy-2.2.5-cp313-cp313-musllinux_1_2_x86_64.whl", hash = "sha256:54088a5a147ab71a8e7fdfd8c3601972751ded0739c6b696ad9cb0343e21ab73"},
    {file = "numpy-2.2.5-cp313-cp313-win32.whl", hash = "sha256:c8b82a55ef86a2d8e81b63da85e55f5537d2157165be1cb2ce7cfa57b6aef38b"},
    {file = "numpy-2.2.5-cp313-cp313-win_amd64.whl", hash = "sha256:d8882a829fd779f0f43998e931c466802a77ca1ee0fe25a3abe50278616b1471"},
    {file = "numpy-2.2.5-cp313-cp313t-macosx_10_13_x86_64.whl", hash = "sha256:e8b025c351b9f0e8b5436cf28a07fa4ac0204d67b38f01433ac7f9b870fa38c6"},
    {file = "numpy-2.2.5-cp313-cp313t-macosx_11_0_arm64.whl", hash = "sha256:8dfa94b6a4374e7851bbb6f35e6ded2120b752b063e6acdd3157e4d2bb922eba"},
    {file = "numpy-2.2.5-cp313-cp313t-macosx_14_0_arm64.whl", hash = "sha256:97c8425d4e26437e65e1d189d22dff4a079b747ff9c2788057bfb8114ce1e133"},
    {file = "numpy-2.2.5-cp313-cp313t-macosx_14_0_x86_64.whl", hash = "sha256:352d330048c055ea6db701130abc48a21bec690a8d38f8284e00fab256dc1376"},
    {file = "numpy-2.2.5-cp313-cp313t-manylinux_2_17_aarch64.manylinux2014_aarch64.whl", hash = "sha256:8b4c0773b6ada798f51f0f8e30c054d32304ccc6e9c5d93d46cb26f3d385ab19"},
    {file = "numpy-2.2.5-cp313-cp313t-manylinux_2_17_x86_64.manylinux2014_x86_64.whl", hash = "sha256:55f09e00d4dccd76b179c0f18a44f041e5332fd0e022886ba1c0bbf3ea4a18d0"},
    {file = "numpy-2.2.5-cp313-cp313t-musllinux_1_2_aarch64.whl", hash = "sha256:02f226baeefa68f7d579e213d0f3493496397d8f1cff5e2b222af274c86a552a"},
    {file = "numpy-2.2.5-cp313-cp313t-musllinux_1_2_x86_64.whl", hash = "sha256:c26843fd58f65da9491165072da2cccc372530681de481ef670dcc8e27cfb066"},
    {file = "numpy-2.2.5-cp313-cp313t-win32.whl", hash = "sha256:1a161c2c79ab30fe4501d5a2bbfe8b162490757cf90b7f05be8b80bc02f7bb8e"},
    {file = "numpy-2.2.5-cp313-cp313t-win_amd64.whl", hash = "sha256:d403c84991b5ad291d3809bace5e85f4bbf44a04bdc9a88ed2bb1807b3360bb8"},
    {file = "numpy-2.2.5-pp310-pypy310_pp73-macosx_10_15_x86_64.whl", hash = "sha256:b4ea7e1cff6784e58fe281ce7e7f05036b3e1c89c6f922a6bfbc0a7e8768adbe"},
    {file = "numpy-2.2.5-pp310-pypy310_pp73-macosx_14_0_x86_64.whl", hash = "sha256:d7543263084a85fbc09c704b515395398d31d6395518446237eac219eab9e55e"},
    {file = "numpy-2.2.5-pp310-pypy310_pp73-manylinux_2_17_x86_64.manylinux2014_x86_64.whl", hash = "sha256:0255732338c4fdd00996c0421884ea8a3651eea555c3a56b84892b66f696eb70"},
    {file = "numpy-2.2.5-pp310-pypy310_pp73-win_amd64.whl", hash = "sha256:d2e3bdadaba0e040d1e7ab39db73e0afe2c74ae277f5614dad53eadbecbbb169"},
    {file = "numpy-2.2.5.tar.gz", hash = "sha256:a9c0d994680cd991b1cb772e8b297340085466a6fe964bc9d4e80f5e2f43c291"},
]

[[package]]
name = "orjson"
version = "3.10.16"
requires_python = ">=3.9"
summary = "Fast, correct Python JSON library supporting dataclasses, datetimes, and numpy"
groups = ["default"]
files = [
    {file = "orjson-3.10.16-cp310-cp310-macosx_10_15_x86_64.macosx_11_0_arm64.macosx_10_15_universal2.whl", hash = "sha256:4cb473b8e79154fa778fb56d2d73763d977be3dcc140587e07dbc545bbfc38f8"},
    {file = "orjson-3.10.16-cp310-cp310-manylinux_2_17_aarch64.manylinux2014_aarch64.whl", hash = "sha256:622a8e85eeec1948690409a19ca1c7d9fd8ff116f4861d261e6ae2094fe59a00"},
    {file = "orjson-3.10.16-cp310-cp310-manylinux_2_17_armv7l.manylinux2014_armv7l.whl", hash = "sha256:c682d852d0ce77613993dc967e90e151899fe2d8e71c20e9be164080f468e370"},
    {file = "orjson-3.10.16-cp310-cp310-manylinux_2_17_i686.manylinux2014_i686.whl", hash = "sha256:8c520ae736acd2e32df193bcff73491e64c936f3e44a2916b548da048a48b46b"},
    {file = "orjson-3.10.16-cp310-cp310-manylinux_2_17_ppc64le.manylinux2014_ppc64le.whl", hash = "sha256:134f87c76bfae00f2094d85cfab261b289b76d78c6da8a7a3b3c09d362fd1e06"},
    {file = "orjson-3.10.16-cp310-cp310-manylinux_2_17_s390x.manylinux2014_s390x.whl", hash = "sha256:b59afde79563e2cf37cfe62ee3b71c063fd5546c8e662d7fcfc2a3d5031a5c4c"},
    {file = "orjson-3.10.16-cp310-cp310-manylinux_2_17_x86_64.manylinux2014_x86_64.whl", hash = "sha256:113602f8241daaff05d6fad25bd481d54c42d8d72ef4c831bb3ab682a54d9e15"},
    {file = "orjson-3.10.16-cp310-cp310-musllinux_1_2_aarch64.whl", hash = "sha256:4fc0077d101f8fab4031e6554fc17b4c2ad8fdbc56ee64a727f3c95b379e31da"},
    {file = "orjson-3.10.16-cp310-cp310-musllinux_1_2_armv7l.whl", hash = "sha256:9c6bf6ff180cd69e93f3f50380224218cfab79953a868ea3908430bcfaf9cb5e"},
    {file = "orjson-3.10.16-cp310-cp310-musllinux_1_2_i686.whl", hash = "sha256:5673eadfa952f95a7cd76418ff189df11b0a9c34b1995dff43a6fdbce5d63bf4"},
    {file = "orjson-3.10.16-cp310-cp310-musllinux_1_2_x86_64.whl", hash = "sha256:5fe638a423d852b0ae1e1a79895851696cb0d9fa0946fdbfd5da5072d9bb9551"},
    {file = "orjson-3.10.16-cp310-cp310-win32.whl", hash = "sha256:33af58f479b3c6435ab8f8b57999874b4b40c804c7a36b5cc6b54d8f28e1d3dd"},
    {file = "orjson-3.10.16-cp310-cp310-win_amd64.whl", hash = "sha256:0338356b3f56d71293c583350af26f053017071836b07e064e92819ecf1aa055"},
    {file = "orjson-3.10.16-cp311-cp311-macosx_10_15_x86_64.macosx_11_0_arm64.macosx_10_15_universal2.whl", hash = "sha256:44fcbe1a1884f8bc9e2e863168b0f84230c3d634afe41c678637d2728ea8e739"},
    {file = "orjson-3.10.16-cp311-cp311-manylinux_2_17_aarch64.manylinux2014_aarch64.whl", hash = "sha256:78177bf0a9d0192e0b34c3d78bcff7fe21d1b5d84aeb5ebdfe0dbe637b885225"},
    {file = "orjson-3.10.16-cp311-cp311-manylinux_2_17_armv7l.manylinux2014_armv7l.whl", hash = "sha256:12824073a010a754bb27330cad21d6e9b98374f497f391b8707752b96f72e741"},
    {file = "orjson-3.10.16-cp311-cp311-manylinux_2_17_i686.manylinux2014_i686.whl", hash = "sha256:ddd41007e56284e9867864aa2f29f3136bb1dd19a49ca43c0b4eda22a579cf53"},
    {file = "orjson-3.10.16-cp311-cp311-manylinux_2_17_ppc64le.manylinux2014_ppc64le.whl", hash = "sha256:0877c4d35de639645de83666458ca1f12560d9fa7aa9b25d8bb8f52f61627d14"},
    {file = "orjson-3.10.16-cp311-cp311-manylinux_2_17_s390x.manylinux2014_s390x.whl", hash = "sha256:9a09a539e9cc3beead3e7107093b4ac176d015bec64f811afb5965fce077a03c"},
    {file = "orjson-3.10.16-cp311-cp311-manylinux_2_17_x86_64.manylinux2014_x86_64.whl", hash = "sha256:31b98bc9b40610fec971d9a4d67bb2ed02eec0a8ae35f8ccd2086320c28526ca"},
    {file = "orjson-3.10.16-cp311-cp311-musllinux_1_2_aarch64.whl", hash = "sha256:0ce243f5a8739f3a18830bc62dc2e05b69a7545bafd3e3249f86668b2bcd8e50"},
    {file = "orjson-3.10.16-cp311-cp311-musllinux_1_2_armv7l.whl", hash = "sha256:64792c0025bae049b3074c6abe0cf06f23c8e9f5a445f4bab31dc5ca23dbf9e1"},
    {file = "orjson-3.10.16-cp311-cp311-musllinux_1_2_i686.whl", hash = "sha256:ea53f7e68eec718b8e17e942f7ca56c6bd43562eb19db3f22d90d75e13f0431d"},
    {file = "orjson-3.10.16-cp311-cp311-musllinux_1_2_x86_64.whl", hash = "sha256:a741ba1a9488c92227711bde8c8c2b63d7d3816883268c808fbeada00400c164"},
    {file = "orjson-3.10.16-cp311-cp311-win32.whl", hash = "sha256:c7ed2c61bb8226384c3fdf1fb01c51b47b03e3f4536c985078cccc2fd19f1619"},
    {file = "orjson-3.10.16-cp311-cp311-win_amd64.whl", hash = "sha256:cd67d8b3e0e56222a2e7b7f7da9031e30ecd1fe251c023340b9f12caca85ab60"},
    {file = "orjson-3.10.16-cp312-cp312-macosx_10_15_x86_64.macosx_11_0_arm64.macosx_10_15_universal2.whl", hash = "sha256:6d3444abbfa71ba21bb042caa4b062535b122248259fdb9deea567969140abca"},
    {file = "orjson-3.10.16-cp312-cp312-macosx_15_0_arm64.whl", hash = "sha256:30245c08d818fdcaa48b7d5b81499b8cae09acabb216fe61ca619876b128e184"},
    {file = "orjson-3.10.16-cp312-cp312-manylinux_2_17_aarch64.manylinux2014_aarch64.whl", hash = "sha256:a0ba1d0baa71bf7579a4ccdcf503e6f3098ef9542106a0eca82395898c8a500a"},
    {file = "orjson-3.10.16-cp312-cp312-manylinux_2_17_armv7l.manylinux2014_armv7l.whl", hash = "sha256:eb0beefa5ef3af8845f3a69ff2a4aa62529b5acec1cfe5f8a6b4141033fd46ef"},
    {file = "orjson-3.10.16-cp312-cp312-manylinux_2_17_i686.manylinux2014_i686.whl", hash = "sha256:6daa0e1c9bf2e030e93c98394de94506f2a4d12e1e9dadd7c53d5e44d0f9628e"},
    {file = "orjson-3.10.16-cp312-cp312-manylinux_2_17_ppc64le.manylinux2014_ppc64le.whl", hash = "sha256:9da9019afb21e02410ef600e56666652b73eb3e4d213a0ec919ff391a7dd52aa"},
    {file = "orjson-3.10.16-cp312-cp312-manylinux_2_17_s390x.manylinux2014_s390x.whl", hash = "sha256:daeb3a1ee17b69981d3aae30c3b4e786b0f8c9e6c71f2b48f1aef934f63f38f4"},
    {file = "orjson-3.10.16-cp312-cp312-manylinux_2_17_x86_64.manylinux2014_x86_64.whl", hash = "sha256:80fed80eaf0e20a31942ae5d0728849862446512769692474be5e6b73123a23b"},
    {file = "orjson-3.10.16-cp312-cp312-musllinux_1_2_aarch64.whl", hash = "sha256:73390ed838f03764540a7bdc4071fe0123914c2cc02fb6abf35182d5fd1b7a42"},
    {file = "orjson-3.10.16-cp312-cp312-musllinux_1_2_armv7l.whl", hash = "sha256:a22bba012a0c94ec02a7768953020ab0d3e2b884760f859176343a36c01adf87"},
    {file = "orjson-3.10.16-cp312-cp312-musllinux_1_2_i686.whl", hash = "sha256:5385bbfdbc90ff5b2635b7e6bebf259652db00a92b5e3c45b616df75b9058e88"},
    {file = "orjson-3.10.16-cp312-cp312-musllinux_1_2_x86_64.whl", hash = "sha256:02c6279016346e774dd92625d46c6c40db687b8a0d685aadb91e26e46cc33e1e"},
    {file = "orjson-3.10.16-cp312-cp312-win32.whl", hash = "sha256:7ca55097a11426db80f79378e873a8c51f4dde9ffc22de44850f9696b7eb0e8c"},
    {file = "orjson-3.10.16-cp312-cp312-win_amd64.whl", hash = "sha256:86d127efdd3f9bf5f04809b70faca1e6836556ea3cc46e662b44dab3fe71f3d6"},
    {file = "orjson-3.10.16-cp313-cp313-macosx_10_15_x86_64.macosx_11_0_arm64.macosx_10_15_universal2.whl", hash = "sha256:148a97f7de811ba14bc6dbc4a433e0341ffd2cc285065199fb5f6a98013744bd"},
    {file = "orjson-3.10.16-cp313-cp313-macosx_15_0_arm64.whl", hash = "sha256:1d960c1bf0e734ea36d0adc880076de3846aaec45ffad29b78c7f1b7962516b8"},
    {file = "orjson-3.10.16-cp313-cp313-manylinux_2_17_aarch64.manylinux2014_aarch64.whl", hash = "sha256:a318cd184d1269f68634464b12871386808dc8b7c27de8565234d25975a7a137"},
    {file = "orjson-3.10.16-cp313-cp313-manylinux_2_17_armv7l.manylinux2014_armv7l.whl", hash = "sha256:df23f8df3ef9223d1d6748bea63fca55aae7da30a875700809c500a05975522b"},
    {file = "orjson-3.10.16-cp313-cp313-manylinux_2_17_i686.manylinux2014_i686.whl", hash = "sha256:b94dda8dd6d1378f1037d7f3f6b21db769ef911c4567cbaa962bb6dc5021cf90"},
    {file = "orjson-3.10.16-cp313-cp313-manylinux_2_17_ppc64le.manylinux2014_ppc64le.whl", hash = "sha256:f12970a26666a8775346003fd94347d03ccb98ab8aa063036818381acf5f523e"},
    {file = "orjson-3.10.16-cp313-cp313-manylinux_2_17_s390x.manylinux2014_s390x.whl", hash = "sha256:15a1431a245d856bd56e4d29ea0023eb4d2c8f71efe914beb3dee8ab3f0cd7fb"},
    {file = "orjson-3.10.16-cp313-cp313-manylinux_2_17_x86_64.manylinux2014_x86_64.whl", hash = "sha256:c83655cfc247f399a222567d146524674a7b217af7ef8289c0ff53cfe8db09f0"},
    {file = "orjson-3.10.16-cp313-cp313-musllinux_1_2_aarch64.whl", hash = "sha256:fa59ae64cb6ddde8f09bdbf7baf933c4cd05734ad84dcf4e43b887eb24e37652"},
    {file = "orjson-3.10.16-cp313-cp313-musllinux_1_2_armv7l.whl", hash = "sha256:ca5426e5aacc2e9507d341bc169d8af9c3cbe88f4cd4c1cf2f87e8564730eb56"},
    {file = "orjson-3.10.16-cp313-cp313-musllinux_1_2_i686.whl", hash = "sha256:6fd5da4edf98a400946cd3a195680de56f1e7575109b9acb9493331047157430"},
    {file = "orjson-3.10.16-cp313-cp313-musllinux_1_2_x86_64.whl", hash = "sha256:980ecc7a53e567169282a5e0ff078393bac78320d44238da4e246d71a4e0e8f5"},
    {file = "orjson-3.10.16-cp313-cp313-win32.whl", hash = "sha256:28f79944dd006ac540a6465ebd5f8f45dfdf0948ff998eac7a908275b4c1add6"},
    {file = "orjson-3.10.16-cp313-cp313-win_amd64.whl", hash = "sha256:fe0a145e96d51971407cb8ba947e63ead2aa915db59d6631a355f5f2150b56b7"},
    {file = "orjson-3.10.16.tar.gz", hash = "sha256:d2aaa5c495e11d17b9b93205f5fa196737ee3202f000aaebf028dc9a73750f10"},
]

[[package]]
name = "packaging"
version = "24.2"
requires_python = ">=3.8"
summary = "Core utilities for Python packages"
groups = ["default"]
files = [
    {file = "packaging-24.2-py3-none-any.whl", hash = "sha256:09abb1bccd265c01f4a3aa3f7a7db064b36514d2cba19a2f694fe6150451a759"},
    {file = "packaging-24.2.tar.gz", hash = "sha256:c228a6dc5e932d346bc5739379109d49e8853dd8223571c7c5b55260edc0b97f"},
]

[[package]]
name = "pluggy"
version = "1.5.0"
requires_python = ">=3.8"
summary = "plugin and hook calling mechanisms for python"
groups = ["default"]
files = [
    {file = "pluggy-1.5.0-py3-none-any.whl", hash = "sha256:44e1ad92c8ca002de6377e165f3e0f1be63266ab4d554740532335b9d75ea669"},
    {file = "pluggy-1.5.0.tar.gz", hash = "sha256:2cffa88e94fdc978c4c574f15f9e59b7f4201d439195c3715ca9e2486f1d0cf1"},
]

[[package]]
name = "pytest"
version = "8.3.5"
requires_python = ">=3.8"
summary = "pytest: simple powerful testing with Python"
groups = ["default"]
dependencies = [
    "colorama; sys_platform == \"win32\"",
    "exceptiongroup>=1.0.0rc8; python_version < \"3.11\"",
    "iniconfig",
    "packaging",
    "pluggy<2,>=1.5",
    "tomli>=1; python_version < \"3.11\"",
]
files = [
    {file = "pytest-8.3.5-py3-none-any.whl", hash = "sha256:c69214aa47deac29fad6c2a4f590b9c4a9fdb16a403176fe154b79c0b4d4d820"},
    {file = "pytest-8.3.5.tar.gz", hash = "sha256:f4efe70cc14e511565ac476b57c279e12a855b11f48f212af1080ef2263d3845"},
]

[[package]]
name = "tomli"
version = "2.2.1"
requires_python = ">=3.8"
summary = "A lil' TOML parser"
groups = ["default"]
marker = "python_version < \"3.11\""
files = [
    {file = "tomli-2.2.1-cp311-cp311-macosx_10_9_x86_64.whl", hash = "sha256:678e4fa69e4575eb77d103de3df8a895e1591b48e740211bd1067378c69e8249"},
    {file = "tomli-2.2.1-cp311-cp311-macosx_11_0_arm64.whl", hash = "sha256:023aa114dd824ade0100497eb2318602af309e5a55595f76b626d6d9f3b7b0a6"},
    {file = "tomli-2.2.1-cp311-cp311-manylinux_2_17_aarch64.manylinux2014_aarch64.whl", hash = "sha256:ece47d672db52ac607a3d9599a9d48dcb2f2f735c6c2d1f34130085bb12b112a"},
    {file = "tomli-2.2.1-cp311-cp311-manylinux_2_17_x86_64.manylinux2014_x86_64.whl", hash = "sha256:6972ca9c9cc9f0acaa56a8ca1ff51e7af152a9f87fb64623e31d5c83700080ee"},
    {file = "tomli-2.2.1-cp311-cp311-manylinux_2_5_i686.manylinux1_i686.manylinux_2_17_i686.manylinux2014_i686.whl", hash = "sha256:c954d2250168d28797dd4e3ac5cf812a406cd5a92674ee4c8f123c889786aa8e"},
    {file = "tomli-2.2.1-cp311-cp311-musllinux_1_2_aarch64.whl", hash = "sha256:8dd28b3e155b80f4d54beb40a441d366adcfe740969820caf156c019fb5c7ec4"},
    {file = "tomli-2.2.1-cp311-cp311-musllinux_1_2_i686.whl", hash = "sha256:e59e304978767a54663af13c07b3d1af22ddee3bb2fb0618ca1593e4f593a106"},
    {file = "tomli-2.2.1-cp311-cp311-musllinux_1_2_x86_64.whl", hash = "sha256:33580bccab0338d00994d7f16f4c4ec25b776af3ffaac1ed74e0b3fc95e885a8"},
    {file = "tomli-2.2.1-cp311-cp311-win32.whl", hash = "sha256:465af0e0875402f1d226519c9904f37254b3045fc5084697cefb9bdde1ff99ff"},
    {file = "tomli-2.2.1-cp311-cp311-win_amd64.whl", hash = "sha256:2d0f2fdd22b02c6d81637a3c95f8cd77f995846af7414c5c4b8d0545afa1bc4b"},
    {file = "tomli-2.2.1-cp312-cp312-macosx_10_13_x86_64.whl", hash = "sha256:4a8f6e44de52d5e6c657c9fe83b562f5f4256d8ebbfe4ff922c495620a7f6cea"},
    {file = "tomli-2.2.1-cp312-cp312-macosx_11_0_arm64.whl", hash = "sha256:8d57ca8095a641b8237d5b079147646153d22552f1c637fd3ba7f4b0b29167a8"},
    {file = "tomli-2.2.1-cp312-cp312-manylinux_2_17_aarch64.manylinux2014_aarch64.whl", hash = "sha256:4e340144ad7ae1533cb897d406382b4b6fede8890a03738ff1683af800d54192"},
    {file = "tomli-2.2.1-cp312-cp312-manylinux_2_17_x86_64.manylinux2014_x86_64.whl", hash = "sha256:db2b95f9de79181805df90bedc5a5ab4c165e6ec3fe99f970d0e302f384ad222"},
    {file = "tomli-2.2.1-cp312-cp312-manylinux_2_5_i686.manylinux1_i686.manylinux_2_17_i686.manylinux2014_i686.whl", hash = "sha256:40741994320b232529c802f8bc86da4e1aa9f413db394617b9a256ae0f9a7f77"},
    {file = "tomli-2.2.1-cp312-cp312-musllinux_1_2_aarch64.whl", hash = "sha256:400e720fe168c0f8521520190686ef8ef033fb19fc493da09779e592861b78c6"},
    {file = "tomli-2.2.1-cp312-cp312-musllinux_1_2_i686.whl", hash = "sha256:02abe224de6ae62c19f090f68da4e27b10af2b93213d36cf44e6e1c5abd19fdd"},
    {file = "tomli-2.2.1-cp312-cp312-musllinux_1_2_x86_64.whl", hash = "sha256:b82ebccc8c8a36f2094e969560a1b836758481f3dc360ce9a3277c65f374285e"},
    {file = "tomli-2.2.1-cp312-cp312-win32.whl", hash = "sha256:889f80ef92701b9dbb224e49ec87c645ce5df3fa2cc548664eb8a25e03127a98"},
    {file = "tomli-2.2.1-cp312-cp312-win_amd64.whl", hash = "sha256:7fc04e92e1d624a4a63c76474610238576942d6b8950a2d7f908a340494e67e4"},
    {file = "tomli-2.2.1-cp313-cp313-macosx_10_13_x86_64.whl", hash = "sha256:f4039b9cbc3048b2416cc57ab3bda989a6fcf9b36cf8937f01a6e731b64f80d7"},
    {file = "tomli-2.2.1-cp313-cp313-macosx_11_0_arm64.whl", hash = "sha256:286f0ca2ffeeb5b9bd4fcc8d6c330534323ec51b2f52da063b11c502da16f30c"},
    {file = "tomli-2.2.1-cp313-cp313-manylinux_2_17_aarch64.manylinux2014_aarch64.whl", hash = "sha256:a92ef1a44547e894e2a17d24e7557a5e85a9e1d0048b0b5e7541f76c5032cb13"},
    {file = "tomli-2.2.1-cp313-cp313-manylinux_2_17_x86_64.manylinux2014_x86_64.whl", hash = "sha256:9316dc65bed1684c9a98ee68759ceaed29d229e985297003e494aa825ebb0281"},
    {file = "tomli-2.2.1-cp313-cp313-manylinux_2_5_i686.manylinux1_i686.manylinux_2_17_i686.manylinux2014_i686.whl", hash = "sha256:e85e99945e688e32d5a35c1ff38ed0b3f41f43fad8df0bdf79f72b2ba7bc5272"},
    {file = "tomli-2.2.1-cp313-cp313-musllinux_1_2_aarch64.whl", hash = "sha256:ac065718db92ca818f8d6141b5f66369833d4a80a9d74435a268c52bdfa73140"},
    {file = "tomli-2.2.1-cp313-cp313-musllinux_1_2_i686.whl", hash = "sha256:d920f33822747519673ee656a4b6ac33e382eca9d331c87770faa3eef562aeb2"},
    {file = "tomli-2.2.1-cp313-cp313-musllinux_1_2_x86_64.whl", hash = "sha256:a198f10c4d1b1375d7687bc25294306e551bf1abfa4eace6650070a5c1ae2744"},
    {file = "tomli-2.2.1-cp313-cp313-win32.whl", hash = "sha256:d3f5614314d758649ab2ab3a62d4f2004c825922f9e370b29416484086b264ec"},
    {file = "tomli-2.2.1-cp313-cp313-win_amd64.whl", hash = "sha256:a38aa0308e754b0e3c67e344754dff64999ff9b513e691d0e786265c93583c69"},
    {file = "tomli-2.2.1-py3-none-any.whl", hash = "sha256:cb55c73c5f4408779d0cf3eef9f762b9c9f147a77de7b258bef0a5628adc85cc"},
    {file = "tomli-2.2.1.tar.gz", hash = "sha256:cd45e1dc79c835ce60f7404ec8119f2eb06d38b1deba146f07ced3bbc44505ff"},
]

[[package]]
name = "tzdata"
version = "2025.2"
requires_python = ">=2"
summary = "Provider of IANA time zone data"
groups = ["default"]
files = [
    {file = "tzdata-2025.2-py2.py3-none-any.whl", hash = "sha256:1a403fada01ff9221ca8044d701868fa132215d84beb92242d9acd2147f667a8"},
    {file = "tzdata-2025.2.tar.gz", hash = "sha256:b60a638fcc0daffadf82fe0f57e53d06bdec2f36c4df66280ae79bce6bd6f2b9"},
]
